
Microsoft Visual Studio Solution File, Format Version 12.00
# Visual Studio 15
VisualStudioVersion = 15.0.26124.0
MinimumVisualStudioVersion = 15.0.26124.0
Project("{FAE04EC0-301F-11D3-BF4B-00C04F79EFBC}") = "Domain", "Domain\Domain.csproj", "{901C74AD-2669-4FC6-BA4B-A568EB53EB36}"
EndProject
Project("{FAE04EC0-301F-11D3-BF4B-00C04F79EFBC}") = "Application", "Application\Application.csproj", "{527D80CA-9583-4E46-828F-B1360ED87777}"
EndProject
Project("{FAE04EC0-301F-11D3-BF4B-00C04F79EFBC}") = "Persistence", "Persistence\Persistence.csproj", "{ED649F2E-48DE-437C-A510-4084DECD91A8}"
EndProject
Project("{FAE04EC0-301F-11D3-BF4B-00C04F79EFBC}") = "API", "API\API.csproj", "{C87EDCB2-EF68-4A77-AE5A-B59D17867CA1}"
EndProject
Global
	GlobalSection(SolutionConfigurationPlatforms) = preSolution
		Debug|Any CPU = Debug|Any CPU
		Debug|x64 = Debug|x64
		Debug|x86 = Debug|x86
		Release|Any CPU = Release|Any CPU
		Release|x64 = Release|x64
		Release|x86 = Release|x86
	EndGlobalSection
	GlobalSection(SolutionProperties) = preSolution
		HideSolutionNode = FALSE
	EndGlobalSection
	GlobalSection(ProjectConfigurationPlatforms) = postSolution
		{901C74AD-2669-4FC6-BA4B-A568EB53EB36}.Debug|Any CPU.ActiveCfg = Debug|Any CPU
		{901C74AD-2669-4FC6-BA4B-A568EB53EB36}.Debug|Any CPU.Build.0 = Debug|Any CPU
		{901C74AD-2669-4FC6-BA4B-A568EB53EB36}.Debug|x64.ActiveCfg = Debug|Any CPU
		{901C74AD-2669-4FC6-BA4B-A568EB53EB36}.Debug|x64.Build.0 = Debug|Any CPU
		{901C74AD-2669-4FC6-BA4B-A568EB53EB36}.Debug|x86.ActiveCfg = Debug|Any CPU
		{901C74AD-2669-4FC6-BA4B-A568EB53EB36}.Debug|x86.Build.0 = Debug|Any CPU
		{901C74AD-2669-4FC6-BA4B-A568EB53EB36}.Release|Any CPU.ActiveCfg = Release|Any CPU
		{901C74AD-2669-4FC6-BA4B-A568EB53EB36}.Release|Any CPU.Build.0 = Release|Any CPU
		{901C74AD-2669-4FC6-BA4B-A568EB53EB36}.Release|x64.ActiveCfg = Release|Any CPU
		{901C74AD-2669-4FC6-BA4B-A568EB53EB36}.Release|x64.Build.0 = Release|Any CPU
		{901C74AD-2669-4FC6-BA4B-A568EB53EB36}.Release|x86.ActiveCfg = Release|Any CPU
		{901C74AD-2669-4FC6-BA4B-A568EB53EB36}.Release|x86.Build.0 = Release|Any CPU
		{527D80CA-9583-4E46-828F-B1360ED87777}.Debug|Any CPU.ActiveCfg = Debug|Any CPU
		{527D80CA-9583-4E46-828F-B1360ED87777}.Debug|Any CPU.Build.0 = Debug|Any CPU
		{527D80CA-9583-4E46-828F-B1360ED87777}.Debug|x64.ActiveCfg = Debug|Any CPU
		{527D80CA-9583-4E46-828F-B1360ED87777}.Debug|x64.Build.0 = Debug|Any CPU
		{527D80CA-9583-4E46-828F-B1360ED87777}.Debug|x86.ActiveCfg = Debug|Any CPU
		{527D80CA-9583-4E46-828F-B1360ED87777}.Debug|x86.Build.0 = Debug|Any CPU
		{527D80CA-9583-4E46-828F-B1360ED87777}.Release|Any CPU.ActiveCfg = Release|Any CPU
		{527D80CA-9583-4E46-828F-B1360ED87777}.Release|Any CPU.Build.0 = Release|Any CPU
		{527D80CA-9583-4E46-828F-B1360ED87777}.Release|x64.ActiveCfg = Release|Any CPU
		{527D80CA-9583-4E46-828F-B1360ED87777}.Release|x64.Build.0 = Release|Any CPU
		{527D80CA-9583-4E46-828F-B1360ED87777}.Release|x86.ActiveCfg = Release|Any CPU
		{527D80CA-9583-4E46-828F-B1360ED87777}.Release|x86.Build.0 = Release|Any CPU
		{ED649F2E-48DE-437C-A510-4084DECD91A8}.Debug|Any CPU.ActiveCfg = Debug|Any CPU
		{ED649F2E-48DE-437C-A510-4084DECD91A8}.Debug|Any CPU.Build.0 = Debug|Any CPU
		{ED649F2E-48DE-437C-A510-4084DECD91A8}.Debug|x64.ActiveCfg = Debug|Any CPU
		{ED649F2E-48DE-437C-A510-4084DECD91A8}.Debug|x64.Build.0 = Debug|Any CPU
		{ED649F2E-48DE-437C-A510-4084DECD91A8}.Debug|x86.ActiveCfg = Debug|Any CPU
		{ED649F2E-48DE-437C-A510-4084DECD91A8}.Debug|x86.Build.0 = Debug|Any CPU
		{ED649F2E-48DE-437C-A510-4084DECD91A8}.Release|Any CPU.ActiveCfg = Release|Any CPU
		{ED649F2E-48DE-437C-A510-4084DECD91A8}.Release|Any CPU.Build.0 = Release|Any CPU
		{ED649F2E-48DE-437C-A510-4084DECD91A8}.Release|x64.ActiveCfg = Release|Any CPU
		{ED649F2E-48DE-437C-A510-4084DECD91A8}.Release|x64.Build.0 = Release|Any CPU
		{ED649F2E-48DE-437C-A510-4084DECD91A8}.Release|x86.ActiveCfg = Release|Any CPU
		{ED649F2E-48DE-437C-A510-4084DECD91A8}.Release|x86.Build.0 = Release|Any CPU
		{C87EDCB2-EF68-4A77-AE5A-B59D17867CA1}.Debug|Any CPU.ActiveCfg = Debug|Any CPU
		{C87EDCB2-EF68-4A77-AE5A-B59D17867CA1}.Debug|Any CPU.Build.0 = Debug|Any CPU
		{C87EDCB2-EF68-4A77-AE5A-B59D17867CA1}.Debug|x64.ActiveCfg = Debug|Any CPU
		{C87EDCB2-EF68-4A77-AE5A-B59D17867CA1}.Debug|x64.Build.0 = Debug|Any CPU
		{C87EDCB2-EF68-4A77-AE5A-B59D17867CA1}.Debug|x86.ActiveCfg = Debug|Any CPU
		{C87EDCB2-EF68-4A77-AE5A-B59D17867CA1}.Debug|x86.Build.0 = Debug|Any CPU
		{C87EDCB2-EF68-4A77-AE5A-B59D17867CA1}.Release|Any CPU.ActiveCfg = Release|Any CPU
		{C87EDCB2-EF68-4A77-AE5A-B59D17867CA1}.Release|Any CPU.Build.0 = Release|Any CPU
		{C87EDCB2-EF68-4A77-AE5A-B59D17867CA1}.Release|x64.ActiveCfg = Release|Any CPU
		{C87EDCB2-EF68-4A77-AE5A-B59D17867CA1}.Release|x64.Build.0 = Release|Any CPU
		{C87EDCB2-EF68-4A77-AE5A-B59D17867CA1}.Release|x86.ActiveCfg = Release|Any CPU
		{C87EDCB2-EF68-4A77-AE5A-B59D17867CA1}.Release|x86.Build.0 = Release|Any CPU
	EndGlobalSection
EndGlobal
